
Microsoft Visual Studio Solution File, Format Version 12.00
# Visual Studio Version 17
VisualStudioVersion = 17.0.32126.317
MinimumVisualStudioVersion = 10.0.40219.1
Project("{FAE04EC0-301F-11D3-BF4B-00C04F79EFBC}") = "QrCodeGenerator", "QrCodeGenerator\QrCodeGenerator.csproj", "{F955FA25-07CF-4543-8828-6214360B6690}"
EndProject
Project("{2150E333-8FDC-42A3-9474-1A3956D46DE8}") = "Solution Items", "Solution Items", "{6F953E98-0B0A-470C-91E1-03461F3BC759}"
	ProjectSection(SolutionItems) = preProject
		LICENSE = LICENSE
		QrCodeGenerator.sln.DotSettings = QrCodeGenerator.sln.DotSettings
		README.md = README.md
	EndProjectSection
EndProject
Project("{9A19103F-16F7-4668-BE54-9A1E7A4F7556}") = "QrCodeGenerator.Core", "QrCodeGenerator.Core\QrCodeGenerator.Core.csproj", "{38407CD9-3301-4ACB-ABE8-80EA7D3A1512}"
EndProject
Project("{9A19103F-16F7-4668-BE54-9A1E7A4F7556}") = "QrCodeGenerator.WinForms", "QrCodeGenerator.WinForms\QrCodeGenerator.WinForms.csproj", "{C5FE0C58-1E21-47FD-BE1A-5EC7B1E112FE}"
EndProject
Project("{FAE04EC0-301F-11D3-BF4B-00C04F79EFBC}") = "QrCodeGenerator.NET", "QrCodeGenerator.NET\QrCodeGenerator.NET.csproj", "{2A9243B7-611B-4EBE-98A7-9BEA3DAD3FF4}"
EndProject
Global
	GlobalSection(SolutionConfigurationPlatforms) = preSolution
		Debug|Any CPU = Debug|Any CPU
		Release|Any CPU = Release|Any CPU
	EndGlobalSection
	GlobalSection(ProjectConfigurationPlatforms) = postSolution
		{F955FA25-07CF-4543-8828-6214360B6690}.Debug|Any CPU.ActiveCfg = Debug|Any CPU
		{F955FA25-07CF-4543-8828-6214360B6690}.Debug|Any CPU.Build.0 = Debug|Any CPU
		{F955FA25-07CF-4543-8828-6214360B6690}.Release|Any CPU.ActiveCfg = Release|Any CPU
		{F955FA25-07CF-4543-8828-6214360B6690}.Release|Any CPU.Build.0 = Release|Any CPU
		{38407CD9-3301-4ACB-ABE8-80EA7D3A1512}.Debug|Any CPU.ActiveCfg = Debug|Any CPU
		{38407CD9-3301-4ACB-ABE8-80EA7D3A1512}.Debug|Any CPU.Build.0 = Debug|Any CPU
		{38407CD9-3301-4ACB-ABE8-80EA7D3A1512}.Release|Any CPU.ActiveCfg = Release|Any CPU
		{38407CD9-3301-4ACB-ABE8-80EA7D3A1512}.Release|Any CPU.Build.0 = Release|Any CPU
		{C5FE0C58-1E21-47FD-BE1A-5EC7B1E112FE}.Debug|Any CPU.ActiveCfg = Debug|Any CPU
		{C5FE0C58-1E21-47FD-BE1A-5EC7B1E112FE}.Debug|Any CPU.Build.0 = Debug|Any CPU
		{C5FE0C58-1E21-47FD-BE1A-5EC7B1E112FE}.Release|Any CPU.ActiveCfg = Release|Any CPU
		{C5FE0C58-1E21-47FD-BE1A-5EC7B1E112FE}.Release|Any CPU.Build.0 = Release|Any CPU
		{2A9243B7-611B-4EBE-98A7-9BEA3DAD3FF4}.Debug|Any CPU.ActiveCfg = Debug|Any CPU
		{2A9243B7-611B-4EBE-98A7-9BEA3DAD3FF4}.Debug|Any CPU.Build.0 = Debug|Any CPU
		{2A9243B7-611B-4EBE-98A7-9BEA3DAD3FF4}.Release|Any CPU.ActiveCfg = Release|Any CPU
		{2A9243B7-611B-4EBE-98A7-9BEA3DAD3FF4}.Release|Any CPU.Build.0 = Release|Any CPU
	EndGlobalSection
	GlobalSection(SolutionProperties) = preSolution
		HideSolutionNode = FALSE
	EndGlobalSection
	GlobalSection(ExtensibilityGlobals) = postSolution
		SolutionGuid = {7B11CCAB-3472-4575-9B25-3353CE39587F}
	EndGlobalSection
EndGlobal
